{
  "lockfileVersion": 1,
  "configVersion": 1,
  "workspaces": {
    "": {
      "name": "bun-minuet-tracker",
      "dependencies": {
        "citty": "^0.2.1",
      },
      "devDependencies": {
        "@types/bun": "latest",
        "@typescript/native-preview": "^7.0.0-dev.20260327.2",
        "oxfmt": "^0.42.0",
      },
      "peerDependencies": {
        "typescript": "^5",
      },
    },
  },
  "packages": {
    "@oxfmt/binding-android-arm-eabi": ["@oxfmt/binding-android-arm-eabi@0.42.0", "", { "os": "android", "cpu": "arm" }, "sha512-dsqPTYsozeokRjlrt/b4E7Pj0z3eS3Eg74TWQuuKbjY4VttBmA88rB7d50Xrd+TZ986qdXCNeZRPEzZHAe+jow=="],

    "@oxfmt/binding-android-arm64": ["@oxfmt/binding-android-arm64@0.42.0", "", { "os": "android", "cpu": "arm64" }, "sha512-t+aAjHxcr5eOBphFHdg1ouQU9qmZZoRxnX7UOJSaTwSoKsb6TYezNKO0YbWytGXCECObRqNcUxPoPr0KaraAIg=="],

    "@oxfmt/binding-darwin-arm64": ["@oxfmt/binding-darwin-arm64@0.42.0", "", { "os": "darwin", "cpu": "arm64" }, "sha512-ulpSEYMKg61C5bRMZinFHrKJYRoKGVbvMEXA5zM1puX3O9T6Q4XXDbft20yrDijpYWeuG59z3Nabt+npeTsM1A=="],

    "@oxfmt/binding-darwin-x64": ["@oxfmt/binding-darwin-x64@0.42.0", "", { "os": "darwin", "cpu": "x64" }, "sha512-ttxLKhQYPdFiM8I/Ri37cvqChE4Xa562nNOsZFcv1CKTVLeEozXjKuYClNvxkXmNlcF55nzM80P+CQkdFBu+uQ=="],

    "@oxfmt/binding-freebsd-x64": ["@oxfmt/binding-freebsd-x64@0.42.0", "", { "os": "freebsd", "cpu": "x64" }, "sha512-Og7QS3yI3tdIKYZ58SXik0rADxIk2jmd+/YvuHRyKULWpG4V2fR5V4hvKm624Mc0cQET35waPXiCQWvjQEjwYQ=="],

    "@oxfmt/binding-linux-arm-gnueabihf": ["@oxfmt/binding-linux-arm-gnueabihf@0.42.0", "", { "os": "linux", "cpu": "arm" }, "sha512-jwLOw/3CW4H6Vxcry4/buQHk7zm9Ne2YsidzTL1kpiMe4qqrRCwev3dkyWe2YkFmP+iZCQ7zku4KwjcLRoh8ew=="],

    "@oxfmt/binding-linux-arm-musleabihf": ["@oxfmt/binding-linux-arm-musleabihf@0.42.0", "", { "os": "linux", "cpu": "arm" }, "sha512-XwXu2vkMtiq2h7tfvN+WA/9/5/1IoGAVCFPiiQUvcAuG3efR97KNcRGM8BetmbYouFotQ2bDal3yyjUx6IPsTg=="],

    "@oxfmt/binding-linux-arm64-gnu": ["@oxfmt/binding-linux-arm64-gnu@0.42.0", "", { "os": "linux", "cpu": "arm64" }, "sha512-ea7s/XUJoT7ENAtUQDudFe3nkSM3e3Qpz4nJFRdzO2wbgXEcjnchKLEsV3+t4ev3r8nWxIYr9NRjPWtnyIFJVA=="],

    "@oxfmt/binding-linux-arm64-musl": ["@oxfmt/binding-linux-arm64-musl@0.42.0", "", { "os": "linux", "cpu": "arm64" }, "sha512-+JA0YMlSdDqmacygGi2REp57c3fN+tzARD8nwsukx9pkCHK+6DkbAA9ojS4lNKsiBjIW8WWa0pBrBWhdZEqfuw=="],

    "@oxfmt/binding-linux-ppc64-gnu": ["@oxfmt/binding-linux-ppc64-gnu@0.42.0", "", { "os": "linux", "cpu": "ppc64" }, "sha512-VfnET0j4Y5mdfCzh5gBt0NK28lgn5DKx+8WgSMLYYeSooHhohdbzwAStLki9pNuGy51y4I7IoW8bqwAaCMiJQg=="],

    "@oxfmt/binding-linux-riscv64-gnu": ["@oxfmt/binding-linux-riscv64-gnu@0.42.0", "", { "os": "linux", "cpu": "none" }, "sha512-gVlCbmBkB0fxBWbhBj9rcxezPydsQHf4MFKeHoTSPicOQ+8oGeTQgQ8EeesSybWeiFPVRx3bgdt4IJnH6nOjAA=="],

    "@oxfmt/binding-linux-riscv64-musl": ["@oxfmt/binding-linux-riscv64-musl@0.42.0", "", { "os": "linux", "cpu": "none" }, "sha512-zN5OfstL0avgt/IgvRu0zjQzVh/EPkcLzs33E9LMAzpqlLWiPWeMDZyMGFlSRGOdDjuNmlZBCgj0pFnK5u32TQ=="],

    "@oxfmt/binding-linux-s390x-gnu": ["@oxfmt/binding-linux-s390x-gnu@0.42.0", "", { "os": "linux", "cpu": "s390x" }, "sha512-9X6+H2L0qMc2sCAgO9HS03bkGLMKvOFjmEdchaFlany3vNZOjnVui//D8k/xZAtQv2vaCs1reD5KAgPoIU4msA=="],

    "@oxfmt/binding-linux-x64-gnu": ["@oxfmt/binding-linux-x64-gnu@0.42.0", "", { "os": "linux", "cpu": "x64" }, "sha512-BajxJ6KQvMMdpXGPWhBGyjb2Jvx4uec0w+wi6TJZ6Tv7+MzPwe0pO8g5h1U0jyFgoaF7mDl6yKPW3ykWcbUJRw=="],

    "@oxfmt/binding-linux-x64-musl": ["@oxfmt/binding-linux-x64-musl@0.42.0", "", { "os": "linux", "cpu": "x64" }, "sha512-0wV284I6vc5f0AqAhgAbHU2935B4bVpncPoe5n/WzVZY/KnHgqxC8iSFGeSyLWEgstFboIcWkOPck7tqbdHkzA=="],

    "@oxfmt/binding-openharmony-arm64": ["@oxfmt/binding-openharmony-arm64@0.42.0", "", { "os": "none", "cpu": "arm64" }, "sha512-p4BG6HpGnhfgHk1rzZfyR6zcWkE7iLrWxyehHfXUy4Qa5j3e0roglFOdP/Nj5cJJ58MA3isQ5dlfkW2nNEpolw=="],

    "@oxfmt/binding-win32-arm64-msvc": ["@oxfmt/binding-win32-arm64-msvc@0.42.0", "", { "os": "win32", "cpu": "arm64" }, "sha512-mn//WV60A+IetORDxYieYGAoQso4KnVRRjORDewMcod4irlRe0OSC7YPhhwaexYNPQz/GCFk+v9iUcZ2W22yxQ=="],

    "@oxfmt/binding-win32-ia32-msvc": ["@oxfmt/binding-win32-ia32-msvc@0.42.0", "", { "os": "win32", "cpu": "ia32" }, "sha512-3gWltUrvuz4LPJXWivoAxZ28Of2O4N7OGuM5/X3ubPXCEV8hmgECLZzjz7UYvSDUS3grfdccQwmjynm+51EFpw=="],

    "@oxfmt/binding-win32-x64-msvc": ["@oxfmt/binding-win32-x64-msvc@0.42.0", "", { "os": "win32", "cpu": "x64" }, "sha512-Wg4TMAfQRL9J9AZevJ/ZNy3uyyDztDYQtGr4P8UyyzIhLhFrdSmz1J/9JT+rv0fiCDLaFOBQnj3f3K3+a5PzDQ=="],

    "@types/bun": ["@types/bun@1.3.11", "", { "dependencies": { "bun-types": "1.3.11" } }, "sha512-5vPne5QvtpjGpsGYXiFyycfpDF2ECyPcTSsFBMa0fraoxiQyMJ3SmuQIGhzPg2WJuWxVBoxWJ2kClYTcw/4fAg=="],

    "@types/node": ["@types/node@25.5.0", "", { "dependencies": { "undici-types": "~7.18.0" } }, "sha512-jp2P3tQMSxWugkCUKLRPVUpGaL5MVFwF8RDuSRztfwgN1wmqJeMSbKlnEtQqU8UrhTmzEmZdu2I6v2dpp7XIxw=="],

    "@typescript/native-preview": ["@typescript/native-preview@7.0.0-dev.20260328.1", "", { "optionalDependencies": { "@typescript/native-preview-darwin-arm64": "7.0.0-dev.20260328.1", "@typescript/native-preview-darwin-x64": "7.0.0-dev.20260328.1", "@typescript/native-preview-linux-arm": "7.0.0-dev.20260328.1", "@typescript/native-preview-linux-arm64": "7.0.0-dev.20260328.1", "@typescript/native-preview-linux-x64": "7.0.0-dev.20260328.1", "@typescript/native-preview-win32-arm64": "7.0.0-dev.20260328.1", "@typescript/native-preview-win32-x64": "7.0.0-dev.20260328.1" }, "bin": { "tsgo": "bin/tsgo.js" } }, "sha512-e2f1LaETJ1wFIZSZAJwsAumWixGaRslUjESf0nSrZGUensq3ZwXddoDJPPoDLkSAr/Fa3v5aff+dJ39UbNfbNQ=="],

    "@typescript/native-preview-darwin-arm64": ["@typescript/native-preview-darwin-arm64@7.0.0-dev.20260328.1", "", { "os": "darwin", "cpu": "arm64" }, "sha512-BmJGDWC0bSQ2w5O/E+Mw9eTv9RklJ3vjshu7UdD92bUMxc4V4dkBhYj5r0qxbl4f+VFNX7fXvcDDI+9o+Kb6yw=="],

    "@typescript/native-preview-darwin-x64": ["@typescript/native-preview-darwin-x64@7.0.0-dev.20260328.1", "", { "os": "darwin", "cpu": "x64" }, "sha512-osc0XQn+AV4X/Vz4hehMm9YtwjZU8VN57FBx4/bsoZ2Z3H1KCA2vbrPQx1hxobrA/+LxkTEk/i6L+z1XwI3RTw=="],

    "@typescript/native-preview-linux-arm": ["@typescript/native-preview-linux-arm@7.0.0-dev.20260328.1", "", { "os": "linux", "cpu": "arm" }, "sha512-869rJ0Clw7aQTApV1dts2bKV+V6E0qNFJae3SNRo+4TPmrwlmYct3ouGrsQsDCat6XIaCdul8YOBzmj4QUzuMw=="],

    "@typescript/native-preview-linux-arm64": ["@typescript/native-preview-linux-arm64@7.0.0-dev.20260328.1", "", { "os": "linux", "cpu": "arm64" }, "sha512-UdPWbxynH/yu54Bx9SSmUsdBQVcKeB8hVLXWiF6qKGDQxwUmqo04xa+PUdxryUXxYzjedbqKMhDLL/W0AlbUMQ=="],

    "@typescript/native-preview-linux-x64": ["@typescript/native-preview-linux-x64@7.0.0-dev.20260328.1", "", { "os": "linux", "cpu": "x64" }, "sha512-0ZPwzToIRV4r2L/wZUwTD9DvZsVnezrc7x5xwZedGvuRifUKMAAwI+rGaKHqHq5nE5Y1gQA/wwMPPJ4xq6hzVw=="],

    "@typescript/native-preview-win32-arm64": ["@typescript/native-preview-win32-arm64@7.0.0-dev.20260328.1", "", { "os": "win32", "cpu": "arm64" }, "sha512-iCgWfPDIbs0xB+zkVu5IFfcco3II3b7DhatIa1hQiTFH4vGs0A4/LskLbSYyWOId4j5WEkCKK5T0KNnEYfbg1g=="],

    "@typescript/native-preview-win32-x64": ["@typescript/native-preview-win32-x64@7.0.0-dev.20260328.1", "", { "os": "win32", "cpu": "x64" }, "sha512-k1/yoqrELzkm6eOFaYm9x+M7mDOlArO1P0YvEgEmcdnL6Igm+0ZmGy6eDmhk9pshPb0GfL1knN6c+5sJA7YReA=="],

    "bun-types": ["bun-types@1.3.11", "", { "dependencies": { "@types/node": "*" } }, "sha512-1KGPpoxQWl9f6wcZh57LvrPIInQMn2TQ7jsgxqpRzg+l0QPOFvJVH7HmvHo/AiPgwXy+/Thf6Ov3EdVn1vOabg=="],

    "citty": ["citty@0.2.1", "", {}, "sha512-kEV95lFBhQgtogAPlQfJJ0WGVSokvLr/UEoFPiKKOXF7pl98HfUVUD0ejsuTCld/9xH9vogSywZ5KqHzXrZpqg=="],

    "oxfmt": ["oxfmt@0.42.0", "", { "dependencies": { "tinypool": "2.1.0" }, "optionalDependencies": { "@oxfmt/binding-android-arm-eabi": "0.42.0", "@oxfmt/binding-android-arm64": "0.42.0", "@oxfmt/binding-darwin-arm64": "0.42.0", "@oxfmt/binding-darwin-x64": "0.42.0", "@oxfmt/binding-freebsd-x64": "0.42.0", "@oxfmt/binding-linux-arm-gnueabihf": "0.42.0", "@oxfmt/binding-linux-arm-musleabihf": "0.42.0", "@oxfmt/binding-linux-arm64-gnu": "0.42.0", "@oxfmt/binding-linux-arm64-musl": "0.42.0", "@oxfmt/binding-linux-ppc64-gnu": "0.42.0", "@oxfmt/binding-linux-riscv64-gnu": "0.42.0", "@oxfmt/binding-linux-riscv64-musl": "0.42.0", "@oxfmt/binding-linux-s390x-gnu": "0.42.0", "@oxfmt/binding-linux-x64-gnu": "0.42.0", "@oxfmt/binding-linux-x64-musl": "0.42.0", "@oxfmt/binding-openharmony-arm64": "0.42.0", "@oxfmt/binding-win32-arm64-msvc": "0.42.0", "@oxfmt/binding-win32-ia32-msvc": "0.42.0", "@oxfmt/binding-win32-x64-msvc": "0.42.0" }, "bin": { "oxfmt": "bin/oxfmt" } }, "sha512-QhejGErLSMReNuZ6vxgFHDyGoPbjTRNi6uGHjy0cvIjOQFqD6xmr/T+3L41ixR3NIgzcNiJ6ylQKpvShTgDfqg=="],

    "tinypool": ["tinypool@2.1.0", "", {}, "sha512-Pugqs6M0m7Lv1I7FtxN4aoyToKg1C4tu+/381vH35y8oENM/Ai7f7C4StcoK4/+BSw9ebcS8jRiVrORFKCALLw=="],

    "typescript": ["typescript@5.9.3", "", { "bin": { "tsc": "bin/tsc", "tsserver": "bin/tsserver" } }, "sha512-jl1vZzPDinLr9eUt3J/t7V6FgNEw9QjvBPdysz9KfQDD41fQrC2Y4vKQdiaUpFT4bXlb1RHhLpp8wtm6M5TgSw=="],

    "undici-types": ["undici-types@7.18.2", "", {}, "sha512-AsuCzffGHJybSaRrmr5eHr81mwJU3kjw6M+uprWvCXiNeN9SOGwQ3Jn8jb8m3Z6izVgknn1R0FTCEAP2QrLY/w=="],
  }
}
